
Microsoft Visual Studio Solution File, Format Version 12.00
# Visual Studio 15
VisualStudioVersion = 15.0.27004.2009
MinimumVisualStudioVersion = 10.0.40219.1
Project("{FAE04EC0-301F-11D3-BF4B-00C04F79EFBC}") = "ShellTesterPrototype", "ShellTesterPrototype.csproj", "{65A10A08-E1EB-41C9-97D2-008B025AE427}"
EndProject
Project("{FAE04EC0-301F-11D3-BF4B-00C04F79EFBC}") = "ShellTester", "..\ShellTester\ShellTester.csproj", "{FD1D9D71-881D-400E-89F3-BC66285782B1}"
EndProject
Project("{FAE04EC0-301F-11D3-BF4B-00C04F79EFBC}") = "Logger", "Logger\Logger.csproj", "{20F41CDB-3FB1-4032-86FD-023A484DEA40}"
EndProject
Project("{FAE04EC0-301F-11D3-BF4B-00C04F79EFBC}") = "Postman", "..\Postman\Postman.csproj", "{65B61830-DFF5-4586-AAA5-CA62AB45E588}"
EndProject
Project("{FAE04EC0-301F-11D3-BF4B-00C04F79EFBC}") = "SevenZipLib", "..\SevenZipLib\SevenZipLib\SevenZipLib.csproj", "{B05D17BC-8A2B-482A-85BD-FF4B757E41BC}"
EndProject
Project("{FAE04EC0-301F-11D3-BF4B-00C04F79EFBC}") = "StorkTester", "..\StorkBackend\StorkTester.csproj", "{0D3D4F3C-2E67-408B-8BD1-129EA1655B40}"
EndProject
Global
	GlobalSection(SolutionConfigurationPlatforms) = preSolution
		Debug|Any CPU = Debug|Any CPU
		Debug|x64 = Debug|x64
		Release|Any CPU = Release|Any CPU
		Release|x64 = Release|x64
	EndGlobalSection
	GlobalSection(ProjectConfigurationPlatforms) = postSolution
		{65A10A08-E1EB-41C9-97D2-008B025AE427}.Debug|Any CPU.ActiveCfg = Debug|Any CPU
		{65A10A08-E1EB-41C9-97D2-008B025AE427}.Debug|Any CPU.Build.0 = Debug|Any CPU
		{65A10A08-E1EB-41C9-97D2-008B025AE427}.Debug|x64.ActiveCfg = Debug|Any CPU
		{65A10A08-E1EB-41C9-97D2-008B025AE427}.Debug|x64.Build.0 = Debug|Any CPU
		{65A10A08-E1EB-41C9-97D2-008B025AE427}.Release|Any CPU.ActiveCfg = Release|Any CPU
		{65A10A08-E1EB-41C9-97D2-008B025AE427}.Release|Any CPU.Build.0 = Release|Any CPU
		{65A10A08-E1EB-41C9-97D2-008B025AE427}.Release|x64.ActiveCfg = Release|Any CPU
		{65A10A08-E1EB-41C9-97D2-008B025AE427}.Release|x64.Build.0 = Release|Any CPU
		{FD1D9D71-881D-400E-89F3-BC66285782B1}.Debug|Any CPU.ActiveCfg = Debug|Any CPU
		{FD1D9D71-881D-400E-89F3-BC66285782B1}.Debug|Any CPU.Build.0 = Debug|Any CPU
		{FD1D9D71-881D-400E-89F3-BC66285782B1}.Debug|x64.ActiveCfg = Debug|Any CPU
		{FD1D9D71-881D-400E-89F3-BC66285782B1}.Debug|x64.Build.0 = Debug|Any CPU
		{FD1D9D71-881D-400E-89F3-BC66285782B1}.Release|Any CPU.ActiveCfg = Release|Any CPU
		{FD1D9D71-881D-400E-89F3-BC66285782B1}.Release|Any CPU.Build.0 = Release|Any CPU
		{FD1D9D71-881D-400E-89F3-BC66285782B1}.Release|x64.ActiveCfg = Release|Any CPU
		{FD1D9D71-881D-400E-89F3-BC66285782B1}.Release|x64.Build.0 = Release|Any CPU
		{20F41CDB-3FB1-4032-86FD-023A484DEA40}.Debug|Any CPU.ActiveCfg = Debug|Any CPU
		{20F41CDB-3FB1-4032-86FD-023A484DEA40}.Debug|Any CPU.Build.0 = Debug|Any CPU
		{20F41CDB-3FB1-4032-86FD-023A484DEA40}.Debug|x64.ActiveCfg = Debug|Any CPU
		{20F41CDB-3FB1-4032-86FD-023A484DEA40}.Debug|x64.Build.0 = Debug|Any CPU
		{20F41CDB-3FB1-4032-86FD-023A484DEA40}.Release|Any CPU.ActiveCfg = Release|Any CPU
		{20F41CDB-3FB1-4032-86FD-023A484DEA40}.Release|Any CPU.Build.0 = Release|Any CPU
		{20F41CDB-3FB1-4032-86FD-023A484DEA40}.Release|x64.ActiveCfg = Release|x64
		{20F41CDB-3FB1-4032-86FD-023A484DEA40}.Release|x64.Build.0 = Release|x64
		{65B61830-DFF5-4586-AAA5-CA62AB45E588}.Debug|Any CPU.ActiveCfg = Debug|Any CPU
		{65B61830-DFF5-4586-AAA5-CA62AB45E588}.Debug|Any CPU.Build.0 = Debug|Any CPU
		{65B61830-DFF5-4586-AAA5-CA62AB45E588}.Debug|x64.ActiveCfg = Debug|Any CPU
		{65B61830-DFF5-4586-AAA5-CA62AB45E588}.Debug|x64.Build.0 = Debug|Any CPU
		{65B61830-DFF5-4586-AAA5-CA62AB45E588}.Release|Any CPU.ActiveCfg = Release|Any CPU
		{65B61830-DFF5-4586-AAA5-CA62AB45E588}.Release|Any CPU.Build.0 = Release|Any CPU
		{65B61830-DFF5-4586-AAA5-CA62AB45E588}.Release|x64.ActiveCfg = Release|Any CPU
		{65B61830-DFF5-4586-AAA5-CA62AB45E588}.Release|x64.Build.0 = Release|Any CPU
		{B05D17BC-8A2B-482A-85BD-FF4B757E41BC}.Debug|Any CPU.ActiveCfg = Debug|Any CPU
		{B05D17BC-8A2B-482A-85BD-FF4B757E41BC}.Debug|Any CPU.Build.0 = Debug|Any CPU
		{B05D17BC-8A2B-482A-85BD-FF4B757E41BC}.Debug|x64.ActiveCfg = Debug|Any CPU
		{B05D17BC-8A2B-482A-85BD-FF4B757E41BC}.Debug|x64.Build.0 = Debug|Any CPU
		{B05D17BC-8A2B-482A-85BD-FF4B757E41BC}.Release|Any CPU.ActiveCfg = Release|Any CPU
		{B05D17BC-8A2B-482A-85BD-FF4B757E41BC}.Release|Any CPU.Build.0 = Release|Any CPU
		{B05D17BC-8A2B-482A-85BD-FF4B757E41BC}.Release|x64.ActiveCfg = Release|Any CPU
		{B05D17BC-8A2B-482A-85BD-FF4B757E41BC}.Release|x64.Build.0 = Release|Any CPU
		{0D3D4F3C-2E67-408B-8BD1-129EA1655B40}.Debug|Any CPU.ActiveCfg = Debug|Any CPU
		{0D3D4F3C-2E67-408B-8BD1-129EA1655B40}.Debug|Any CPU.Build.0 = Debug|Any CPU
		{0D3D4F3C-2E67-408B-8BD1-129EA1655B40}.Debug|x64.ActiveCfg = Debug|Any CPU
		{0D3D4F3C-2E67-408B-8BD1-129EA1655B40}.Debug|x64.Build.0 = Debug|Any CPU
		{0D3D4F3C-2E67-408B-8BD1-129EA1655B40}.Release|Any CPU.ActiveCfg = Release|Any CPU
		{0D3D4F3C-2E67-408B-8BD1-129EA1655B40}.Release|Any CPU.Build.0 = Release|Any CPU
		{0D3D4F3C-2E67-408B-8BD1-129EA1655B40}.Release|x64.ActiveCfg = Release|Any CPU
		{0D3D4F3C-2E67-408B-8BD1-129EA1655B40}.Release|x64.Build.0 = Release|Any CPU
	EndGlobalSection
	GlobalSection(SolutionProperties) = preSolution
		HideSolutionNode = FALSE
	EndGlobalSection
	GlobalSection(ExtensibilityGlobals) = postSolution
		SolutionGuid = {3AA5EAF5-7188-4431-9E3B-537D4AE5122B}
	EndGlobalSection
EndGlobal
